// !$*UTF8*$!
{
	archiveVersion = 1;
	classes = {
	};
	objectVersion = 77;
	objects = {

/* Begin PBXBuildFile section */
		7CAB9D992CE51A31002717DA /* SenseUI in Frameworks */ = {isa = PBXBuildFile; productRef = 7CAB9D982CE51A31002717DA /* SenseUI */; };
		7CAB9DBE2CE52992002717DA /* SenseDataSource in Frameworks */ = {isa = PBXBuildFile; productRef = 7CAB9DBD2CE52992002717DA /* SenseDataSource */; };
		7CC49C9A2CE52A2B00CDED8C /* SenseDataSource in Frameworks */ = {isa = PBXBuildFile; productRef = 7CC49C992CE52A2B00CDED8C /* SenseDataSource */; };
/* End PBXBuildFile section */

/* Begin PBXContainerItemProxy section */
		7CED4E7F2CE48DE300412A6B /* PBXContainerItemProxy */ = {
			isa = PBXContainerItemProxy;
			containerPortal = 7CED4E622CE48DE200412A6B /* Project object */;
			proxyType = 1;
			remoteGlobalIDString = 7CED4E692CE48DE200412A6B;
			remoteInfo = DopamineSense;
		};
		7CED4E892CE48DE300412A6B /* PBXContainerItemProxy */ = {
			isa = PBXContainerItemProxy;
			containerPortal = 7CED4E622CE48DE200412A6B /* Project object */;
			proxyType = 1;
			remoteGlobalIDString = 7CED4E692CE48DE200412A6B;
			remoteInfo = DopamineSense;
		};
		7CED4EF92CE4D06200412A6B /* PBXContainerItemProxy */ = {
			isa = PBXContainerItemProxy;
			containerPortal = 7CED4E622CE48DE200412A6B /* Project object */;
			proxyType = 1;
			remoteGlobalIDString = 7CED4E692CE48DE200412A6B;
			remoteInfo = DopamineSense;
		};
/* End PBXContainerItemProxy section */

/* Begin PBXFileReference section */
		7CED4E6A2CE48DE200412A6B /* DopamineSense.app */ = {isa = PBXFileReference; explicitFileType = wrapper.application; includeInIndex = 0; path = DopamineSense.app; sourceTree = BUILT_PRODUCTS_DIR; };
		7CED4E7E2CE48DE300412A6B /* DopamineSenseTests.xctest */ = {isa = PBXFileReference; explicitFileType = wrapper.cfbundle; includeInIndex = 0; path = DopamineSenseTests.xctest; sourceTree = BUILT_PRODUCTS_DIR; };
		7CED4E882CE48DE300412A6B /* DopamineSenseUITests.xctest */ = {isa = PBXFileReference; explicitFileType = wrapper.cfbundle; includeInIndex = 0; path = DopamineSenseUITests.xctest; sourceTree = BUILT_PRODUCTS_DIR; };
		7CED4EF32CE4D06200412A6B /* PerformanceUITests.xctest */ = {isa = PBXFileReference; explicitFileType = wrapper.cfbundle; includeInIndex = 0; path = PerformanceUITests.xctest; sourceTree = BUILT_PRODUCTS_DIR; };
/* End PBXFileReference section */

/* Begin PBXFileSystemSynchronizedBuildFileExceptionSet section */
		7CAB9D842CE4FC23002717DA /* Exceptions for "Tests" folder in "DopamineSense" target */ = {
			isa = PBXFileSystemSynchronizedBuildFileExceptionSet;
			membershipExceptions = (
				DopamineSenseTests/DopamineSenseTests.swift,
				DopamineSenseUITests/DopamineSenseUITestsLaunchTests.swift,
				PerformanceUITests/PerformanceUITests.swift,
				"Test Plans/Performance.xctestplan",
				"Test Plans/Pull Request.xctestplan",
				"Test Plans/Release.xctestplan",
			);
			target = 7CED4E692CE48DE200412A6B /* DopamineSense */;
		};
		7CAB9D8E2CE4FC27002717DA /* Exceptions for "Tests" folder in "DopamineSenseTests" target */ = {
			isa = PBXFileSystemSynchronizedBuildFileExceptionSet;
			membershipExceptions = (
				DopamineSenseTests/DopamineSenseTests.swift,
			);
			target = 7CED4E7D2CE48DE300412A6B /* DopamineSenseTests */;
		};
		7CAB9D8F2CE4FC27002717DA /* Exceptions for "Tests" folder in "DopamineSenseUITests" target */ = {
			isa = PBXFileSystemSynchronizedBuildFileExceptionSet;
			membershipExceptions = (
				DopamineSenseUITests/DopamineSenseUITestsLaunchTests.swift,
			);
			target = 7CED4E872CE48DE300412A6B /* DopamineSenseUITests */;
		};
		7CAB9D902CE4FC27002717DA /* Exceptions for "Tests" folder in "PerformanceUITests" target */ = {
			isa = PBXFileSystemSynchronizedBuildFileExceptionSet;
			membershipExceptions = (
				PerformanceUITests/PerformanceUITests.swift,
			);
			target = 7CED4EF22CE4D06200412A6B /* PerformanceUITests */;
		};
		7CED4E902CE48DE300412A6B /* Exceptions for "DopamineSense" folder in "DopamineSense" target */ = {
			isa = PBXFileSystemSynchronizedBuildFileExceptionSet;
			membershipExceptions = (
				Info.plist,
			);
			target = 7CED4E692CE48DE200412A6B /* DopamineSense */;
		};
/* End PBXFileSystemSynchronizedBuildFileExceptionSet section */

/* Begin PBXFileSystemSynchronizedRootGroup section */
		7CAB9D7F2CE4FC1D002717DA /* Tests */ = {
			isa = PBXFileSystemSynchronizedRootGroup;
			exceptions = (
				7CAB9D842CE4FC23002717DA /* Exceptions for "Tests" folder in "DopamineSense" target */,
				7CAB9D8E2CE4FC27002717DA /* Exceptions for "Tests" folder in "DopamineSenseTests" target */,
				7CAB9D8F2CE4FC27002717DA /* Exceptions for "Tests" folder in "DopamineSenseUITests" target */,
				7CAB9D902CE4FC27002717DA /* Exceptions for "Tests" folder in "PerformanceUITests" target */,
			);
			path = Tests;
			sourceTree = "<group>";
		};
		7CED4E6C2CE48DE200412A6B /* DopamineSense */ = {
			isa = PBXFileSystemSynchronizedRootGroup;
			exceptions = (
				7CED4E902CE48DE300412A6B /* Exceptions for "DopamineSense" folder in "DopamineSense" target */,
			);
			path = DopamineSense;
			sourceTree = "<group>";
		};
/* End PBXFileSystemSynchronizedRootGroup section */

/* Begin PBXFrameworksBuildPhase section */
		7CED4E672CE48DE200412A6B /* Frameworks */ = {
			isa = PBXFrameworksBuildPhase;
			buildActionMask = 2147483647;
			files = (
				7CC49C9A2CE52A2B00CDED8C /* SenseDataSource in Frameworks */,
				7CAB9DBE2CE52992002717DA /* SenseDataSource in Frameworks */,
				7CAB9D992CE51A31002717DA /* SenseUI in Frameworks */,
			);
			runOnlyForDeploymentPostprocessing = 0;
		};
		7CED4E7B2CE48DE300412A6B /* Frameworks */ = {
			isa = PBXFrameworksBuildPhase;
			buildActionMask = 2147483647;
			files = (
			);
			runOnlyForDeploymentPostprocessing = 0;
		};
		7CED4E852CE48DE300412A6B /* Frameworks */ = {
			isa = PBXFrameworksBuildPhase;
			buildActionMask = 2147483647;
			files = (
			);
			runOnlyForDeploymentPostprocessing = 0;
		};
		7CED4EF02CE4D06200412A6B /* Frameworks */ = {
			isa = PBXFrameworksBuildPhase;
			buildActionMask = 2147483647;
			files = (
			);
			runOnlyForDeploymentPostprocessing = 0;
		};
/* End PBXFrameworksBuildPhase section */

/* Begin PBXGroup section */
		7CED4E612CE48DE200412A6B = {
			isa = PBXGroup;
			children = (
				7CAB9D7F2CE4FC1D002717DA /* Tests */,
				7CED4E6C2CE48DE200412A6B /* DopamineSense */,
				7CED4E6B2CE48DE200412A6B /* Products */,
			);
			sourceTree = "<group>";
		};
		7CED4E6B2CE48DE200412A6B /* Products */ = {
			isa = PBXGroup;
			children = (
				7CED4E6A2CE48DE200412A6B /* DopamineSense.app */,
				7CED4E7E2CE48DE300412A6B /* DopamineSenseTests.xctest */,
				7CED4E882CE48DE300412A6B /* DopamineSenseUITests.xctest */,
				7CED4EF32CE4D06200412A6B /* PerformanceUITests.xctest */,
			);
			name = Products;
			sourceTree = "<group>";
		};
/* End PBXGroup section */

/* Begin PBXNativeTarget section */
		7CED4E692CE48DE200412A6B /* DopamineSense */ = {
			isa = PBXNativeTarget;
			buildConfigurationList = 7CED4E912CE48DE300412A6B /* Build configuration list for PBXNativeTarget "DopamineSense" */;
			buildPhases = (
				7CED4E662CE48DE200412A6B /* Sources */,
				7CED4E672CE48DE200412A6B /* Frameworks */,
				7CED4E682CE48DE200412A6B /* Resources */,
			);
			buildRules = (
			);
			dependencies = (
			);
			fileSystemSynchronizedGroups = (
				7CAB9D7F2CE4FC1D002717DA /* Tests */,
				7CED4E6C2CE48DE200412A6B /* DopamineSense */,
			);
			name = DopamineSense;
			packageProductDependencies = (
				7CAB9D982CE51A31002717DA /* SenseUI */,
				7CAB9DBD2CE52992002717DA /* SenseDataSource */,
				7CC49C992CE52A2B00CDED8C /* SenseDataSource */,
			);
			productName = DopamineSense;
			productReference = 7CED4E6A2CE48DE200412A6B /* DopamineSense.app */;
			productType = "com.apple.product-type.application";
		};
		7CED4E7D2CE48DE300412A6B /* DopamineSenseTests */ = {
			isa = PBXNativeTarget;
			buildConfigurationList = 7CED4E962CE48DE300412A6B /* Build configuration list for PBXNativeTarget "DopamineSenseTests" */;
			buildPhases = (
				7CED4E7A2CE48DE300412A6B /* Sources */,
				7CED4E7B2CE48DE300412A6B /* Frameworks */,
				7CED4E7C2CE48DE300412A6B /* Resources */,
			);
			buildRules = (
			);
			dependencies = (
				7CED4E802CE48DE300412A6B /* PBXTargetDependency */,
			);
			name = DopamineSenseTests;
			packageProductDependencies = (
			);
			productName = DopamineSenseTests;
			productReference = 7CED4E7E2CE48DE300412A6B /* DopamineSenseTests.xctest */;
			productType = "com.apple.product-type.bundle.unit-test";
		};
		7CED4E872CE48DE300412A6B /* DopamineSenseUITests */ = {
			isa = PBXNativeTarget;
			buildConfigurationList = 7CED4E992CE48DE300412A6B /* Build configuration list for PBXNativeTarget "DopamineSenseUITests" */;
			buildPhases = (
				7CED4E842CE48DE300412A6B /* Sources */,
				7CED4E852CE48DE300412A6B /* Frameworks */,
				7CED4E862CE48DE300412A6B /* Resources */,
			);
			buildRules = (
			);
			dependencies = (
				7CED4E8A2CE48DE300412A6B /* PBXTargetDependency */,
			);
			name = DopamineSenseUITests;
			packageProductDependencies = (
			);
			productName = DopamineSenseUITests;
			productReference = 7CED4E882CE48DE300412A6B /* DopamineSenseUITests.xctest */;
			productType = "com.apple.product-type.bundle.ui-testing";
		};
		7CED4EF22CE4D06200412A6B /* PerformanceUITests */ = {
			isa = PBXNativeTarget;
			buildConfigurationList = 7CED4EFB2CE4D06200412A6B /* Build configuration list for PBXNativeTarget "PerformanceUITests" */;
			buildPhases = (
				7CED4EEF2CE4D06200412A6B /* Sources */,
				7CED4EF02CE4D06200412A6B /* Frameworks */,
				7CED4EF12CE4D06200412A6B /* Resources */,
			);
			buildRules = (
			);
			dependencies = (
				7CED4EFA2CE4D06200412A6B /* PBXTargetDependency */,
			);
			name = PerformanceUITests;
			packageProductDependencies = (
			);
			productName = PerformanceUITests;
			productReference = 7CED4EF32CE4D06200412A6B /* PerformanceUITests.xctest */;
			productType = "com.apple.product-type.bundle.ui-testing";
		};
/* End PBXNativeTarget section */

/* Begin PBXProject section */
		7CED4E622CE48DE200412A6B /* Project object */ = {
			isa = PBXProject;
			attributes = {
				BuildIndependentTargetsInParallel = 1;
				LastSwiftUpdateCheck = 1600;
				LastUpgradeCheck = 1600;
				TargetAttributes = {
					7CED4E692CE48DE200412A6B = {
						CreatedOnToolsVersion = 16.0;
					};
					7CED4E7D2CE48DE300412A6B = {
						CreatedOnToolsVersion = 16.0;
						TestTargetID = 7CED4E692CE48DE200412A6B;
					};
					7CED4E872CE48DE300412A6B = {
						CreatedOnToolsVersion = 16.0;
						TestTargetID = 7CED4E692CE48DE200412A6B;
					};
					7CED4EF22CE4D06200412A6B = {
						CreatedOnToolsVersion = 16.0;
						TestTargetID = 7CED4E692CE48DE200412A6B;
					};
				};
			};
			buildConfigurationList = 7CED4E652CE48DE200412A6B /* Build configuration list for PBXProject "DopamineSense" */;
			developmentRegion = en;
			hasScannedForEncodings = 0;
			knownRegions = (
				en,
				Base,
			);
			mainGroup = 7CED4E612CE48DE200412A6B;
			minimizedProjectReferenceProxies = 1;
			packageReferences = (
				7CAB9D972CE51A31002717DA /* XCLocalSwiftPackageReference "Dependencies/SenseUI" */,
				7CC49C982CE52A2B00CDED8C /* XCLocalSwiftPackageReference "Dependencies/SenseDataSource" */,
			);
			preferredProjectObjectVersion = 77;
			productRefGroup = 7CED4E6B2CE48DE200412A6B /* Products */;
			projectDirPath = "";
			projectRoot = "";
			targets = (
				7CED4E692CE48DE200412A6B /* DopamineSense */,
				7CED4E7D2CE48DE300412A6B /* DopamineSenseTests */,
				7CED4E872CE48DE300412A6B /* DopamineSenseUITests */,
				7CED4EF22CE4D06200412A6B /* PerformanceUITests */,
			);
		};
/* End PBXProject section */

/* Begin PBXResourcesBuildPhase section */
		7CED4E682CE48DE200412A6B /* Resources */ = {
			isa = PBXResourcesBuildPhase;
			buildActionMask = 2147483647;
			files = (
			);
			runOnlyForDeploymentPostprocessing = 0;
		};
		7CED4E7C2CE48DE300412A6B /* Resources */ = {
			isa = PBXResourcesBuildPhase;
			buildActionMask = 2147483647;
			files = (
			);
			runOnlyForDeploymentPostprocessing = 0;
		};
		7CED4E862CE48DE300412A6B /* Resources */ = {
			isa = PBXResourcesBuildPhase;
			buildActionMask = 2147483647;
			files = (
			);
			runOnlyForDeploymentPostprocessing = 0;
		};
		7CED4EF12CE4D06200412A6B /* Resources */ = {
			isa = PBXResourcesBuildPhase;
			buildActionMask = 2147483647;
			files = (
			);
			runOnlyForDeploymentPostprocessing = 0;
		};
/* End PBXResourcesBuildPhase section */

/* Begin PBXSourcesBuildPhase section */
		7CED4E662CE48DE200412A6B /* Sources */ = {
			isa = PBXSourcesBuildPhase;
			buildActionMask = 2147483647;
			files = (
			);
			runOnlyForDeploymentPostprocessing = 0;
		};
		7CED4E7A2CE48DE300412A6B /* Sources */ = {
			isa = PBXSourcesBuildPhase;
			buildActionMask = 2147483647;
			files = (
			);
			runOnlyForDeploymentPostprocessing = 0;
		};
		7CED4E842CE48DE300412A6B /* Sources */ = {
			isa = PBXSourcesBuildPhase;
			buildActionMask = 2147483647;
			files = (
			);
			runOnlyForDeploymentPostprocessing = 0;
		};
		7CED4EEF2CE4D06200412A6B /* Sources */ = {
			isa = PBXSourcesBuildPhase;
			buildActionMask = 2147483647;
			files = (
			);
			runOnlyForDeploymentPostprocessing = 0;
		};
/* End PBXSourcesBuildPhase section */

/* Begin PBXTargetDependency section */
		7CED4E802CE48DE300412A6B /* PBXTargetDependency */ = {
			isa = PBXTargetDependency;
			target = 7CED4E692CE48DE200412A6B /* DopamineSense */;
			targetProxy = 7CED4E7F2CE48DE300412A6B /* PBXContainerItemProxy */;
		};
		7CED4E8A2CE48DE300412A6B /* PBXTargetDependency */ = {
			isa = PBXTargetDependency;
			target = 7CED4E692CE48DE200412A6B /* DopamineSense */;
			targetProxy = 7CED4E892CE48DE300412A6B /* PBXContainerItemProxy */;
		};
		7CED4EFA2CE4D06200412A6B /* PBXTargetDependency */ = {
			isa = PBXTargetDependency;
			target = 7CED4E692CE48DE200412A6B /* DopamineSense */;
			targetProxy = 7CED4EF92CE4D06200412A6B /* PBXContainerItemProxy */;
		};
/* End PBXTargetDependency section */

/* Begin XCBuildConfiguration section */
		7CED4E922CE48DE300412A6B /* Debug */ = {
			isa = XCBuildConfiguration;
			buildSettings = {
				ASSETCATALOG_COMPILER_APPICON_NAME = AppIcon;
				ASSETCATALOG_COMPILER_GLOBAL_ACCENT_COLOR_NAME = AccentColor;
				CODE_SIGN_ENTITLEMENTS = DopamineSense/DopamineSense.entitlements;
				CODE_SIGN_STYLE = Automatic;
				CURRENT_PROJECT_VERSION = 1;
				DEVELOPMENT_ASSET_PATHS = "\"DopamineSense/Preview Content\"";
				DEVELOPMENT_TEAM = JZ3234T7L7;
				ENABLE_PREVIEWS = YES;
				GENERATE_INFOPLIST_FILE = YES;
				INFOPLIST_FILE = DopamineSense/Info.plist;
				INFOPLIST_KEY_CFBundleDisplayName = "Dopamine Sense";
				INFOPLIST_KEY_LSApplicationCategoryType = "public.app-category.healthcare-fitness";
				INFOPLIST_KEY_UIApplicationSceneManifest_Generation = YES;
				INFOPLIST_KEY_UIApplicationSupportsIndirectInputEvents = YES;
				INFOPLIST_KEY_UILaunchScreen_Generation = YES;
				INFOPLIST_KEY_UISupportedInterfaceOrientations = UIInterfaceOrientationPortrait;
				INFOPLIST_KEY_UISupportedInterfaceOrientations_iPad = "UIInterfaceOrientationLandscapeLeft UIInterfaceOrientationLandscapeRight UIInterfaceOrientationPortrait UIInterfaceOrientationPortraitUpsideDown";
				LD_RUNPATH_SEARCH_PATHS = (
					"$(inherited)",
					"@executable_path/Frameworks",
				);
				MARKETING_VERSION = 1.0;
				PRODUCT_BUNDLE_IDENTIFIER = "com.salgara.dopamine-sense";
				PRODUCT_NAME = "$(TARGET_NAME)";
				SUPPORTED_PLATFORMS = "iphoneos iphonesimulator";
				SUPPORTS_MACCATALYST = NO;
				SUPPORTS_MAC_DESIGNED_FOR_IPHONE_IPAD = NO;
				SUPPORTS_XR_DESIGNED_FOR_IPHONE_IPAD = NO;
				SWIFT_EMIT_LOC_STRINGS = YES;
				SWIFT_VERSION = 5.0;
				TARGETED_DEVICE_FAMILY = 1;
			};
			name = Debug;
		};
		7CED4E932CE48DE300412A6B /* Release */ = {
			isa = XCBuildConfiguration;
			buildSettings = {
				ASSETCATALOG_COMPILER_APPICON_NAME = AppIcon;
				ASSETCATALOG_COMPILER_GLOBAL_ACCENT_COLOR_NAME = AccentColor;
				CODE_SIGN_ENTITLEMENTS = DopamineSense/DopamineSense.entitlements;
				CODE_SIGN_STYLE = Automatic;
				CURRENT_PROJECT_VERSION = 1;
				DEVELOPMENT_ASSET_PATHS = "\"DopamineSense/Preview Content\"";
				DEVELOPMENT_TEAM = JZ3234T7L7;
				ENABLE_PREVIEWS = YES;
				GENERATE_INFOPLIST_FILE = YES;
				INFOPLIST_FILE = DopamineSense/Info.plist;
				INFOPLIST_KEY_CFBundleDisplayName = "Dopamine Sense";
				INFOPLIST_KEY_LSApplicationCategoryType = "public.app-category.healthcare-fitness";
				INFOPLIST_KEY_UIApplicationSceneManifest_Generation = YES;
				INFOPLIST_KEY_UIApplicationSupportsIndirectInputEvents = YES;
				INFOPLIST_KEY_UILaunchScreen_Generation = YES;
				INFOPLIST_KEY_UISupportedInterfaceOrientations = UIInterfaceOrientationPortrait;
				INFOPLIST_KEY_UISupportedInterfaceOrientations_iPad = "UIInterfaceOrientationLandscapeLeft UIInterfaceOrientationLandscapeRight UIInterfaceOrientationPortrait UIInterfaceOrientationPortraitUpsideDown";
				LD_RUNPATH_SEARCH_PATHS = (
					"$(inherited)",
					"@executable_path/Frameworks",
				);
				MARKETING_VERSION = 1.0;
				PRODUCT_BUNDLE_IDENTIFIER = "com.salgara.dopamine-sense";
				PRODUCT_NAME = "$(TARGET_NAME)";
				SUPPORTED_PLATFORMS = "iphoneos iphonesimulator";
				SUPPORTS_MACCATALYST = NO;
				SUPPORTS_MAC_DESIGNED_FOR_IPHONE_IPAD = NO;
				SUPPORTS_XR_DESIGNED_FOR_IPHONE_IPAD = NO;
				SWIFT_EMIT_LOC_STRINGS = YES;
				SWIFT_VERSION = 5.0;
				TARGETED_DEVICE_FAMILY = 1;
			};
			name = Release;
		};
		7CED4E942CE48DE300412A6B /* Debug */ = {
			isa = XCBuildConfiguration;
			buildSettings = {
				ALWAYS_SEARCH_USER_PATHS = NO;
				ASSETCATALOG_COMPILER_GENERATE_SWIFT_ASSET_SYMBOL_EXTENSIONS = YES;
				CLANG_ANALYZER_NONNULL = YES;
				CLANG_ANALYZER_NUMBER_OBJECT_CONVERSION = YES_AGGRESSIVE;
				CLANG_CXX_LANGUAGE_STANDARD = "gnu++20";
				CLANG_ENABLE_MODULES = YES;
				CLANG_ENABLE_OBJC_ARC = YES;
				CLANG_ENABLE_OBJC_WEAK = YES;
				CLANG_WARN_BLOCK_CAPTURE_AUTORELEASING = YES;
				CLANG_WARN_BOOL_CONVERSION = YES;
				CLANG_WARN_COMMA = YES;
				CLANG_WARN_CONSTANT_CONVERSION = YES;
				CLANG_WARN_DEPRECATED_OBJC_IMPLEMENTATIONS = YES;
				CLANG_WARN_DIRECT_OBJC_ISA_USAGE = YES_ERROR;
				CLANG_WARN_DOCUMENTATION_COMMENTS = YES;
				CLANG_WARN_EMPTY_BODY = YES;
				CLANG_WARN_ENUM_CONVERSION = YES;
				CLANG_WARN_INFINITE_RECURSION = YES;
				CLANG_WARN_INT_CONVERSION = YES;
				CLANG_WARN_NON_LITERAL_NULL_CONVERSION = YES;
				CLANG_WARN_OBJC_IMPLICIT_RETAIN_SELF = YES;
				CLANG_WARN_OBJC_LITERAL_CONVERSION = YES;
				CLANG_WARN_OBJC_ROOT_CLASS = YES_ERROR;
				CLANG_WARN_QUOTED_INCLUDE_IN_FRAMEWORK_HEADER = YES;
				CLANG_WARN_RANGE_LOOP_ANALYSIS = YES;
				CLANG_WARN_STRICT_PROTOTYPES = YES;
				CLANG_WARN_SUSPICIOUS_MOVE = YES;
				CLANG_WARN_UNGUARDED_AVAILABILITY = YES_AGGRESSIVE;
				CLANG_WARN_UNREACHABLE_CODE = YES;
				CLANG_WARN__DUPLICATE_METHOD_MATCH = YES;
				COPY_PHASE_STRIP = NO;
				DEBUG_INFORMATION_FORMAT = dwarf;
				ENABLE_STRICT_OBJC_MSGSEND = YES;
				ENABLE_TESTABILITY = YES;
				ENABLE_USER_SCRIPT_SANDBOXING = YES;
				GCC_C_LANGUAGE_STANDARD = gnu17;
				GCC_DYNAMIC_NO_PIC = NO;
				GCC_NO_COMMON_BLOCKS = YES;
				GCC_OPTIMIZATION_LEVEL = 0;
				GCC_PREPROCESSOR_DEFINITIONS = (
					"DEBUG=1",
					"$(inherited)",
				);
				GCC_WARN_64_TO_32_BIT_CONVERSION = YES;
				GCC_WARN_ABOUT_RETURN_TYPE = YES_ERROR;
				GCC_WARN_UNDECLARED_SELECTOR = YES;
				GCC_WARN_UNINITIALIZED_AUTOS = YES_AGGRESSIVE;
				GCC_WARN_UNUSED_FUNCTION = YES;
				GCC_WARN_UNUSED_VARIABLE = YES;
				IPHONEOS_DEPLOYMENT_TARGET = 18.0;
				LOCALIZATION_PREFERS_STRING_CATALOGS = YES;
				MTL_ENABLE_DEBUG_INFO = INCLUDE_SOURCE;
				MTL_FAST_MATH = YES;
				ONLY_ACTIVE_ARCH = YES;
				SDKROOT = iphoneos;
				SWIFT_ACTIVE_COMPILATION_CONDITIONS = "DEBUG $(inherited)";
				SWIFT_OPTIMIZATION_LEVEL = "-Onone";
			};
			name = Debug;
		};
		7CED4E952CE48DE300412A6B /* Release */ = {
			isa = XCBuildConfiguration;
			buildSettings = {
				ALWAYS_SEARCH_USER_PATHS = NO;
				ASSETCATALOG_COMPILER_GENERATE_SWIFT_ASSET_SYMBOL_EXTENSIONS = YES;
				CLANG_ANALYZER_NONNULL = YES;
				CLANG_ANALYZER_NUMBER_OBJECT_CONVERSION = YES_AGGRESSIVE;
				CLANG_CXX_LANGUAGE_STANDARD = "gnu++20";
				CLANG_ENABLE_MODULES = YES;
				CLANG_ENABLE_OBJC_ARC = YES;
				CLANG_ENABLE_OBJC_WEAK = YES;
				CLANG_WARN_BLOCK_CAPTURE_AUTORELEASING = YES;
				CLANG_WARN_BOOL_CONVERSION = YES;
				CLANG_WARN_COMMA = YES;
				CLANG_WARN_CONSTANT_CONVERSION = YES;
				CLANG_WARN_DEPRECATED_OBJC_IMPLEMENTATIONS = YES;
				CLANG_WARN_DIRECT_OBJC_ISA_USAGE = YES_ERROR;
				CLANG_WARN_DOCUMENTATION_COMMENTS = YES;
				CLANG_WARN_EMPTY_BODY = YES;
				CLANG_WARN_ENUM_CONVERSION = YES;
				CLANG_WARN_INFINITE_RECURSION = YES;
				CLANG_WARN_INT_CONVERSION = YES;
				CLANG_WARN_NON_LITERAL_NULL_CONVERSION = YES;
				CLANG_WARN_OBJC_IMPLICIT_RETAIN_SELF = YES;
				CLANG_WARN_OBJC_LITERAL_CONVERSION = YES;
				CLANG_WARN_OBJC_ROOT_CLASS = YES_ERROR;
				CLANG_WARN_QUOTED_INCLUDE_IN_FRAMEWORK_HEADER = YES;
				CLANG_WARN_RANGE_LOOP_ANALYSIS = YES;
				CLANG_WARN_STRICT_PROTOTYPES = YES;
				CLANG_WARN_SUSPICIOUS_MOVE = YES;
				CLANG_WARN_UNGUARDED_AVAILABILITY = YES_AGGRESSIVE;
				CLANG_WARN_UNREACHABLE_CODE = YES;
				CLANG_WARN__DUPLICATE_METHOD_MATCH = YES;
				COPY_PHASE_STRIP = NO;
				DEBUG_INFORMATION_FORMAT = "dwarf-with-dsym";
				ENABLE_NS_ASSERTIONS = NO;
				ENABLE_STRICT_OBJC_MSGSEND = YES;
				ENABLE_USER_SCRIPT_SANDBOXING = YES;
				GCC_C_LANGUAGE_STANDARD = gnu17;
				GCC_NO_COMMON_BLOCKS = YES;
				GCC_WARN_64_TO_32_BIT_CONVERSION = YES;
				GCC_WARN_ABOUT_RETURN_TYPE = YES_ERROR;
				GCC_WARN_UNDECLARED_SELECTOR = YES;
				GCC_WARN_UNINITIALIZED_AUTOS = YES_AGGRESSIVE;
				GCC_WARN_UNUSED_FUNCTION = YES;
				GCC_WARN_UNUSED_VARIABLE = YES;
				IPHONEOS_DEPLOYMENT_TARGET = 18.0;
				LOCALIZATION_PREFERS_STRING_CATALOGS = YES;
				MTL_ENABLE_DEBUG_INFO = NO;
				MTL_FAST_MATH = YES;
				SDKROOT = iphoneos;
				SWIFT_COMPILATION_MODE = wholemodule;
				VALIDATE_PRODUCT = YES;
			};
			name = Release;
		};
		7CED4E972CE48DE300412A6B /* Debug */ = {
			isa = XCBuildConfiguration;
			buildSettings = {
				BUNDLE_LOADER = "$(TEST_HOST)";
				CODE_SIGN_STYLE = Automatic;
				CURRENT_PROJECT_VERSION = 1;
				DEVELOPMENT_TEAM = JZ3234T7L7;
				ENABLE_USER_SCRIPT_SANDBOXING = NO;
				GENERATE_INFOPLIST_FILE = YES;
				IPHONEOS_DEPLOYMENT_TARGET = 18.0;
				MARKETING_VERSION = 1.0;
				PRODUCT_BUNDLE_IDENTIFIER = com.salgara.DopamineSenseTests;
				PRODUCT_NAME = "$(TARGET_NAME)";
				SWIFT_EMIT_LOC_STRINGS = NO;
				SWIFT_VERSION = 5.0;
				TARGETED_DEVICE_FAMILY = "1,2";
				TEST_HOST = "$(BUILT_PRODUCTS_DIR)/DopamineSense.app/$(BUNDLE_EXECUTABLE_FOLDER_PATH)/DopamineSense";
			};
			name = Debug;
		};
		7CED4E982CE48DE300412A6B /* Release */ = {
			isa = XCBuildConfiguration;
			buildSettings = {
				BUNDLE_LOADER = "$(TEST_HOST)";
				CODE_SIGN_STYLE = Automatic;
				CURRENT_PROJECT_VERSION = 1;
				DEVELOPMENT_TEAM = JZ3234T7L7;
				ENABLE_USER_SCRIPT_SANDBOXING = NO;
				GENERATE_INFOPLIST_FILE = YES;
				IPHONEOS_DEPLOYMENT_TARGET = 18.0;
				MARKETING_VERSION = 1.0;
				PRODUCT_BUNDLE_IDENTIFIER = com.salgara.DopamineSenseTests;
				PRODUCT_NAME = "$(TARGET_NAME)";
				SWIFT_EMIT_LOC_STRINGS = NO;
				SWIFT_VERSION = 5.0;
				TARGETED_DEVICE_FAMILY = "1,2";
				TEST_HOST = "$(BUILT_PRODUCTS_DIR)/DopamineSense.app/$(BUNDLE_EXECUTABLE_FOLDER_PATH)/DopamineSense";
			};
			name = Release;
		};
		7CED4E9A2CE48DE300412A6B /* Debug */ = {
			isa = XCBuildConfiguration;
			buildSettings = {
				CODE_SIGN_STYLE = Automatic;
				CURRENT_PROJECT_VERSION = 1;
				DEVELOPMENT_TEAM = JZ3234T7L7;
				ENABLE_USER_SCRIPT_SANDBOXING = NO;
				GENERATE_INFOPLIST_FILE = YES;
				MARKETING_VERSION = 1.0;
				PRODUCT_BUNDLE_IDENTIFIER = com.salgara.DopamineSenseUITests;
				PRODUCT_NAME = "$(TARGET_NAME)";
				SWIFT_EMIT_LOC_STRINGS = NO;
				SWIFT_VERSION = 5.0;
				TARGETED_DEVICE_FAMILY = "1,2";
				TEST_TARGET_NAME = DopamineSense;
			};
			name = Debug;
		};
		7CED4E9B2CE48DE300412A6B /* Release */ = {
			isa = XCBuildConfiguration;
			buildSettings = {
				CODE_SIGN_STYLE = Automatic;
				CURRENT_PROJECT_VERSION = 1;
				DEVELOPMENT_TEAM = JZ3234T7L7;
				ENABLE_USER_SCRIPT_SANDBOXING = NO;
				GENERATE_INFOPLIST_FILE = YES;
				MARKETING_VERSION = 1.0;
				PRODUCT_BUNDLE_IDENTIFIER = com.salgara.DopamineSenseUITests;
				PRODUCT_NAME = "$(TARGET_NAME)";
				SWIFT_EMIT_LOC_STRINGS = NO;
				SWIFT_VERSION = 5.0;
				TARGETED_DEVICE_FAMILY = "1,2";
				TEST_TARGET_NAME = DopamineSense;
			};
			name = Release;
		};
		7CED4EFC2CE4D06200412A6B /* Debug */ = {
			isa = XCBuildConfiguration;
			buildSettings = {
				CODE_SIGN_STYLE = Automatic;
				CURRENT_PROJECT_VERSION = 1;
				DEVELOPMENT_TEAM = JZ3234T7L7;
				GENERATE_INFOPLIST_FILE = YES;
				MARKETING_VERSION = 1.0;
				PRODUCT_BUNDLE_IDENTIFIER = com.salgara.PerformanceUITests;
				PRODUCT_NAME = "$(TARGET_NAME)";
				SWIFT_EMIT_LOC_STRINGS = NO;
				SWIFT_VERSION = 5.0;
				TARGETED_DEVICE_FAMILY = "1,2";
				TEST_TARGET_NAME = DopamineSense;
			};
			name = Debug;
		};
		7CED4EFD2CE4D06200412A6B /* Release */ = {
			isa = XCBuildConfiguration;
			buildSettings = {
				CODE_SIGN_STYLE = Automatic;
				CURRENT_PROJECT_VERSION = 1;
				DEVELOPMENT_TEAM = JZ3234T7L7;
				GENERATE_INFOPLIST_FILE = YES;
				MARKETING_VERSION = 1.0;
				PRODUCT_BUNDLE_IDENTIFIER = com.salgara.PerformanceUITests;
				PRODUCT_NAME = "$(TARGET_NAME)";
				SWIFT_EMIT_LOC_STRINGS = NO;
				SWIFT_VERSION = 5.0;
				TARGETED_DEVICE_FAMILY = "1,2";
				TEST_TARGET_NAME = DopamineSense;
			};
			name = Release;
		};
/* End XCBuildConfiguration section */

/* Begin XCConfigurationList section */
		7CED4E652CE48DE200412A6B /* Build configuration list for PBXProject "DopamineSense" */ = {
			isa = XCConfigurationList;
			buildConfigurations = (
				7CED4E942CE48DE300412A6B /* Debug */,
				7CED4E952CE48DE300412A6B /* Release */,
			);
			defaultConfigurationIsVisible = 0;
			defaultConfigurationName = Release;
		};
		7CED4E912CE48DE300412A6B /* Build configuration list for PBXNativeTarget "DopamineSense" */ = {
			isa = XCConfigurationList;
			buildConfigurations = (
				7CED4E922CE48DE300412A6B /* Debug */,
				7CED4E932CE48DE300412A6B /* Release */,
			);
			defaultConfigurationIsVisible = 0;
			defaultConfigurationName = Release;
		};
		7CED4E962CE48DE300412A6B /* Build configuration list for PBXNativeTarget "DopamineSenseTests" */ = {
			isa = XCConfigurationList;
			buildConfigurations = (
				7CED4E972CE48DE300412A6B /* Debug */,
				7CED4E982CE48DE300412A6B /* Release */,
			);
			defaultConfigurationIsVisible = 0;
			defaultConfigurationName = Release;
		};
		7CED4E992CE48DE300412A6B /* Build configuration list for PBXNativeTarget "DopamineSenseUITests" */ = {
			isa = XCConfigurationList;
			buildConfigurations = (
				7CED4E9A2CE48DE300412A6B /* Debug */,
				7CED4E9B2CE48DE300412A6B /* Release */,
			);
			defaultConfigurationIsVisible = 0;
			defaultConfigurationName = Release;
		};
		7CED4EFB2CE4D06200412A6B /* Build configuration list for PBXNativeTarget "PerformanceUITests" */ = {
			isa = XCConfigurationList;
			buildConfigurations = (
				7CED4EFC2CE4D06200412A6B /* Debug */,
				7CED4EFD2CE4D06200412A6B /* Release */,
			);
			defaultConfigurationIsVisible = 0;
			defaultConfigurationName = Release;
		};
/* End XCConfigurationList section */

/* Begin XCLocalSwiftPackageReference section */
		7CAB9D972CE51A31002717DA /* XCLocalSwiftPackageReference "Dependencies/SenseUI" */ = {
			isa = XCLocalSwiftPackageReference;
			relativePath = Dependencies/SenseUI;
		};
		7CC49C982CE52A2B00CDED8C /* XCLocalSwiftPackageReference "Dependencies/SenseDataSource" */ = {
			isa = XCLocalSwiftPackageReference;
			relativePath = Dependencies/SenseDataSource;
		};
/* End XCLocalSwiftPackageReference section */

/* Begin XCSwiftPackageProductDependency section */
		7CAB9D982CE51A31002717DA /* SenseUI */ = {
			isa = XCSwiftPackageProductDependency;
			productName = SenseUI;
		};
		7CAB9DBD2CE52992002717DA /* SenseDataSource */ = {
			isa = XCSwiftPackageProductDependency;
			productName = SenseDataSource;
		};
		7CC49C992CE52A2B00CDED8C /* SenseDataSource */ = {
			isa = XCSwiftPackageProductDependency;
			productName = SenseDataSource;
		};
/* End XCSwiftPackageProductDependency section */
	};
	rootObject = 7CED4E622CE48DE200412A6B /* Project object */;
}
